
Microsoft Visual Studio Solution File, Format Version 11.00
# Visual C# Express 2010
Project("{FAE04EC0-301F-11D3-BF4B-00C04F79EFBC}") = "ADSopdr4", "opdr4\ADSopdr4.csproj", "{8437104B-99E1-4554-A17F-C9D9AB06BD5D}"
EndProject
Project("{FAE04EC0-301F-11D3-BF4B-00C04F79EFBC}") = "ADSopdr1", "opdr1\ADSopdr1.csproj", "{B74E5E13-249D-4C85-8118-3E36EE424423}"
EndProject
Project("{FAE04EC0-301F-11D3-BF4B-00C04F79EFBC}") = "ADSopdr2", "opdr2\ADSopdr2.csproj", "{A8448372-7112-41F1-B6F2-C2ADA55449E3}"
EndProject
Project("{FAE04EC0-301F-11D3-BF4B-00C04F79EFBC}") = "ADSopdr3", "opdr3\ADSopdr3.csproj", "{DD7EC1F6-C75E-493F-B4C1-07689C25E09A}"
EndProject
Project("{FAE04EC0-301F-11D3-BF4B-00C04F79EFBC}") = "ADSopdr5", "opdr5\ADSopdr5.csproj", "{0462E0B8-B7D4-487B-A865-C06019AB1FA9}"
EndProject
Project("{FAE04EC0-301F-11D3-BF4B-00C04F79EFBC}") = "ADSopdr6", "opdr6\ADSopdr6.csproj", "{DC1E6E0F-DFC2-4D06-8E59-5E1306155E54}"
EndProject
Global
	GlobalSection(SolutionConfigurationPlatforms) = preSolution
		Debug|x86 = Debug|x86
		Release|x86 = Release|x86
	EndGlobalSection
	GlobalSection(ProjectConfigurationPlatforms) = postSolution
		{8437104B-99E1-4554-A17F-C9D9AB06BD5D}.Debug|x86.ActiveCfg = Debug|x86
		{8437104B-99E1-4554-A17F-C9D9AB06BD5D}.Debug|x86.Build.0 = Debug|x86
		{8437104B-99E1-4554-A17F-C9D9AB06BD5D}.Release|x86.ActiveCfg = Release|x86
		{8437104B-99E1-4554-A17F-C9D9AB06BD5D}.Release|x86.Build.0 = Release|x86
		{B74E5E13-249D-4C85-8118-3E36EE424423}.Debug|x86.ActiveCfg = Debug|x86
		{B74E5E13-249D-4C85-8118-3E36EE424423}.Debug|x86.Build.0 = Debug|x86
		{B74E5E13-249D-4C85-8118-3E36EE424423}.Release|x86.ActiveCfg = Release|x86
		{B74E5E13-249D-4C85-8118-3E36EE424423}.Release|x86.Build.0 = Release|x86
		{A8448372-7112-41F1-B6F2-C2ADA55449E3}.Debug|x86.ActiveCfg = Debug|x86
		{A8448372-7112-41F1-B6F2-C2ADA55449E3}.Debug|x86.Build.0 = Debug|x86
		{A8448372-7112-41F1-B6F2-C2ADA55449E3}.Release|x86.ActiveCfg = Release|x86
		{A8448372-7112-41F1-B6F2-C2ADA55449E3}.Release|x86.Build.0 = Release|x86
		{DD7EC1F6-C75E-493F-B4C1-07689C25E09A}.Debug|x86.ActiveCfg = Debug|x86
		{DD7EC1F6-C75E-493F-B4C1-07689C25E09A}.Debug|x86.Build.0 = Debug|x86
		{DD7EC1F6-C75E-493F-B4C1-07689C25E09A}.Release|x86.ActiveCfg = Release|x86
		{DD7EC1F6-C75E-493F-B4C1-07689C25E09A}.Release|x86.Build.0 = Release|x86
		{0462E0B8-B7D4-487B-A865-C06019AB1FA9}.Debug|x86.ActiveCfg = Debug|x86
		{0462E0B8-B7D4-487B-A865-C06019AB1FA9}.Debug|x86.Build.0 = Debug|x86
		{0462E0B8-B7D4-487B-A865-C06019AB1FA9}.Release|x86.ActiveCfg = Release|x86
		{0462E0B8-B7D4-487B-A865-C06019AB1FA9}.Release|x86.Build.0 = Release|x86
		{DC1E6E0F-DFC2-4D06-8E59-5E1306155E54}.Debug|x86.ActiveCfg = Debug|x86
		{DC1E6E0F-DFC2-4D06-8E59-5E1306155E54}.Debug|x86.Build.0 = Debug|x86
		{DC1E6E0F-DFC2-4D06-8E59-5E1306155E54}.Release|x86.ActiveCfg = Release|x86
		{DC1E6E0F-DFC2-4D06-8E59-5E1306155E54}.Release|x86.Build.0 = Release|x86
	EndGlobalSection
	GlobalSection(SolutionProperties) = preSolution
		HideSolutionNode = FALSE
	EndGlobalSection
EndGlobal
